{
  "name": "iana",
  "lockfileVersion": 3,
  "requires": true,
  "packages": {
    "": {
      "dependencies": {
        "iana-tz-data": "^2019.1.0"
      }
    },
    "node_modules/iana-tz-data": {
      "version": "2019.1.0",
      "resolved": "https://registry.npmjs.org/iana-tz-data/-/iana-tz-data-2019.1.0.tgz",
      "integrity": "sha512-T7+26Skkyxqjp4mg20/O065j9J5qP39nWVQj/2ArxQ0gSPkL+T9lwerRmiOAzFRNsNXepX45QqchqTVENwNvig=="
    }
  }
}
